{
  "requires": true,
  "lockfileVersion": 1,
  "dependencies": {
    "@babel/runtime": {
      "version": "7.15.4",
      "resolved": "https://registry.npmjs.org/@babel/runtime/-/runtime-7.15.4.tgz",
      "integrity": "sha512-99catp6bHCaxr4sJ/DbTGgHS4+Rs2RVd2g7iOap6SLGPDknRK9ztKNsE/Fg6QhSeh1FGE5f6gHGQmvvn3I3xhw==",
      "requires": {
        "regenerator-runtime": "^0.13.4"
      }
    },
    "@handsontable/react": {
      "version": "10.0.0",
      "resolved": "https://registry.npmjs.org/@handsontable/react/-/react-10.0.0.tgz",
      "integrity": "sha512-4qVLD0wSh0diUqVubt+xw7uNGup6P71vf9gfujOVq+lWpb3Vu6p22Db5urFcsMJKD1WsdAgX3BK+ubRtdjQjIA=="
    },
    "@types/pikaday": {
      "version": "1.7.4",
      "resolved": "https://registry.npmjs.org/@types/pikaday/-/pikaday-1.7.4.tgz",
      "integrity": "sha512-0KsHVyw5pTG829nqG4IRu7m+BFQlFEBdbE/1i3S5182HeKUKv1uEW0gyEmkJVp5i4IV+9pyh23O83+KpRkSQbw==",
      "requires": {
        "moment": ">=2.14.0"
      }
    },
    "bignumber.js": {
      "version": "8.1.1",
      "resolved": "https://registry.npmjs.org/bignumber.js/-/bignumber.js-8.1.1.tgz",
      "integrity": "sha512-QD46ppGintwPGuL1KqmwhR0O+N2cZUg8JG/VzwI2e28sM9TqHjQB10lI4QAaMHVbLzwVLLAwEglpKPViWX+5NQ=="
    },
    "chevrotain": {
      "version": "6.5.0",
      "resolved": "https://registry.npmjs.org/chevrotain/-/chevrotain-6.5.0.tgz",
      "integrity": "sha512-BwqQ/AgmKJ8jcMEjaSnfMybnKMgGTrtDKowfTP3pX4jwVy0kNjRsT/AP6h+wC3+3NC+X8X15VWBnTCQlX+wQFg==",
      "optional": true,
      "requires": {
        "regexp-to-ast": "0.4.0"
      }
    },
    "core-js": {
      "version": "3.18.3",
      "resolved": "https://registry.npmjs.org/core-js/-/core-js-3.18.3.tgz",
      "integrity": "sha512-tReEhtMReZaPFVw7dajMx0vlsz3oOb8ajgPoHVYGxr8ErnZ6PcYEvvmjGmXlfpnxpkYSdOQttjB+MvVbCGfvLw=="
    },
    "dompurify": {
      "version": "2.3.3",
      "resolved": "https://registry.npmjs.org/dompurify/-/dompurify-2.3.3.tgz",
      "integrity": "sha512-dqnqRkPMAjOZE0FogZ+ceJNM2dZ3V/yNOuFB7+39qpO93hHhfRpHw3heYQC7DPK9FqbQTfBKUJhiSfz4MvXYwg=="
    },
    "handsontable": {
      "version": "10.0.0",
      "resolved": "https://registry.npmjs.org/handsontable/-/handsontable-10.0.0.tgz",
      "integrity": "sha512-h59wvFTzF7Qkc+KVE6MaZTa4Ww+jAnkhIiQFGsE2OcQa/u2Rd1ly2K1gPA82dqZhWDGGRrJAo8jLBQixJbHxPQ==",
      "requires": {
        "@types/pikaday": "1.7.4",
        "core-js": "^3.0.0",
        "dompurify": "^2.1.1",
        "hyperformula": "^1.2.0",
        "moment": "2.24.0",
        "numbro": "2.1.2",
        "pikaday": "1.8.0"
      }
    },
    "hyperformula": {
      "version": "1.3.0",
      "resolved": "https://registry.npmjs.org/hyperformula/-/hyperformula-1.3.0.tgz",
      "integrity": "sha512-1pFHop1J7g46jTfKo8vTRTCFJq13yIRXrrPr+Rz3C5Yc69qNJCqiGam/LdDWNy5UjILRF3BvIlfo9ZGOoJ6Y+Q==",
      "optional": true,
      "requires": {
        "chevrotain": "^6.5.0",
        "core-js": "^3.6.4",
        "regenerator-runtime": "^0.13.3",
        "tiny-emitter": "^2.1.0",
        "unorm": "^1.6.0"
      }
    },
    "match-sorter": {
      "version": "6.3.1",
      "resolved": "https://registry.npmjs.org/match-sorter/-/match-sorter-6.3.1.tgz",
      "integrity": "sha512-mxybbo3pPNuA+ZuCUhm5bwNkXrJTbsk5VWbR5wiwz/GC6LIiegBGn2w3O08UG/jdbYLinw51fSQ5xNU1U3MgBw==",
      "requires": {
        "@babel/runtime": "^7.12.5",
        "remove-accents": "0.4.2"
      }
    },
    "moment": {
      "version": "2.24.0",
      "resolved": "https://registry.npmjs.org/moment/-/moment-2.24.0.tgz",
      "integrity": "sha512-bV7f+6l2QigeBBZSM/6yTNq4P2fNpSWj/0e7jQcy87A8e7o2nAfP/34/2ky5Vw4B9S446EtIhodAzkFCcR4dQg=="
    },
    "numbro": {
      "version": "2.1.2",
      "resolved": "https://registry.npmjs.org/numbro/-/numbro-2.1.2.tgz",
      "integrity": "sha512-7w833BxZmKGLE9HI0aREtNVRVH6WTYUUlWf4qgA5gKNhPQ4F/MRZ14sc0v8eoLORprk9ZTVwYaLwj8N3Zgxwiw==",
      "requires": {
        "bignumber.js": "^8.0.1"
      }
    },
    "pikaday": {
      "version": "1.8.0",
      "resolved": "https://registry.npmjs.org/pikaday/-/pikaday-1.8.0.tgz",
      "integrity": "sha512-SgGxMYX0NHj9oQnMaSyAipr2gOrbB4Lfs/TJTb6H6hRHs39/5c5VZi73Q8hr53+vWjdn6HzkWcj8Vtl3c9ziaA=="
    },
    "react-table": {
      "version": "7.7.0",
      "resolved": "https://registry.npmjs.org/react-table/-/react-table-7.7.0.tgz",
      "integrity": "sha512-jBlj70iBwOTvvImsU9t01LjFjy4sXEtclBovl3mTiqjz23Reu0DKnRza4zlLtOPACx6j2/7MrQIthIK1Wi+LIA=="
    },
    "regenerator-runtime": {
      "version": "0.13.9",
      "resolved": "https://registry.npmjs.org/regenerator-runtime/-/regenerator-runtime-0.13.9.tgz",
      "integrity": "sha512-p3VT+cOEgxFsRRA9X4lkI1E+k2/CtnKtU4gcxyaCUreilL/vqI6CdZ3wxVUx3UOUg+gnUOQQcRI7BmSI656MYA=="
    },
    "regexp-to-ast": {
      "version": "0.4.0",
      "resolved": "https://registry.npmjs.org/regexp-to-ast/-/regexp-to-ast-0.4.0.tgz",
      "integrity": "sha512-4qf/7IsIKfSNHQXSwial1IFmfM1Cc/whNBQqRwe0V2stPe7KmN1U0tWQiIx6JiirgSrisjE0eECdNf7Tav1Ntw==",
      "optional": true
    },
    "remove-accents": {
      "version": "0.4.2",
      "resolved": "https://registry.npmjs.org/remove-accents/-/remove-accents-0.4.2.tgz",
      "integrity": "sha1-CkPTqq4egNuRngeuJUsoXZ4ce7U="
    },
    "tiny-emitter": {
      "version": "2.1.0",
      "resolved": "https://registry.npmjs.org/tiny-emitter/-/tiny-emitter-2.1.0.tgz",
      "integrity": "sha512-NB6Dk1A9xgQPMoGqC5CVXn123gWyte215ONT5Pp5a0yt4nlEoO1ZWeCwpncaekPHXO60i47ihFnZPiRPjRMq4Q==",
      "optional": true
    },
    "unorm": {
      "version": "1.6.0",
      "resolved": "https://registry.npmjs.org/unorm/-/unorm-1.6.0.tgz",
      "integrity": "sha512-b2/KCUlYZUeA7JFUuRJZPUtr4gZvBh7tavtv4fvk4+KV9pfGiR6CQAQAWl49ZpR3ts2dk4FYkP7EIgDJoiOLDA==",
      "optional": true
    }
  }
}
